
Microsoft Visual Studio Solution File, Format Version 12.00
# Visual Studio Version 17
VisualStudioVersion = 17.11.35327.3
MinimumVisualStudioVersion = 10.0.40219.1
Project("{FAE04EC0-301F-11D3-BF4B-00C04F79EFBC}") = "ConnectionTester", "ConnectionTester.csproj", "{1D9339D7-5BC7-45CC-B078-621B113B4D0F}"
EndProject
Global
	GlobalSection(SolutionConfigurationPlatforms) = preSolution
		Debug|Any CPU = Debug|Any CPU
		Release|Any CPU = Release|Any CPU
	EndGlobalSection
	GlobalSection(ProjectConfigurationPlatforms) = postSolution
		{1D9339D7-5BC7-45CC-B078-621B113B4D0F}.Debug|Any CPU.ActiveCfg = Debug|Any CPU
		{1D9339D7-5BC7-45CC-B078-621B113B4D0F}.Debug|Any CPU.Build.0 = Debug|Any CPU
		{1D9339D7-5BC7-45CC-B078-621B113B4D0F}.Release|Any CPU.ActiveCfg = Release|Any CPU
		{1D9339D7-5BC7-45CC-B078-621B113B4D0F}.Release|Any CPU.Build.0 = Release|Any CPU
	EndGlobalSection
	GlobalSection(SolutionProperties) = preSolution
		HideSolutionNode = FALSE
	EndGlobalSection
	GlobalSection(ExtensibilityGlobals) = postSolution
		SolutionGuid = {9FBCA44E-2414-4B34-9193-F553FDC5EB69}
	EndGlobalSection
EndGlobal
